
Microsoft Visual Studio Solution File, Format Version 12.00
# Visual Studio 15
Project("{FAE04EC0-301F-11D3-BF4B-00C04F79EFBC}") = "Unity.XR.Interaction.Toolkit.Samples.Hands", "Unity.XR.Interaction.Toolkit.Samples.Hands.csproj", "{FDC572E5-0ABF-AAED-527B-1152F1110107}"
EndProject
Project("{FAE04EC0-301F-11D3-BF4B-00C04F79EFBC}") = "Unity.XR.Interaction.Toolkit.Samples.StarterAssets", "Unity.XR.Interaction.Toolkit.Samples.StarterAssets.csproj", "{0625D179-233C-1942-7079-EF6D3386AD3A}"
EndProject
Project("{FAE04EC0-301F-11D3-BF4B-00C04F79EFBC}") = "Unity.XR.Interaction.Toolkit.Samples.Hands.Editor", "Unity.XR.Interaction.Toolkit.Samples.Hands.Editor.csproj", "{46B3A770-0D7E-57C6-E8C5-09CB588C19C5}"
EndProject
Project("{FAE04EC0-301F-11D3-BF4B-00C04F79EFBC}") = "Unity.XR.Interaction.Toolkit.Samples.StarterAssets.Editor", "Unity.XR.Interaction.Toolkit.Samples.StarterAssets.Editor.csproj", "{6A61A287-4F09-4AA4-3B97-D710395B135B}"
EndProject
Project("{FAE04EC0-301F-11D3-BF4B-00C04F79EFBC}") = "Unity.XR.Hands.Samples.Gestures", "Unity.XR.Hands.Samples.Gestures.csproj", "{BBCAB6EB-6D73-F6EB-8393-C540125FB21F}"
EndProject
Project("{FAE04EC0-301F-11D3-BF4B-00C04F79EFBC}") = "Assembly-CSharp", "Assembly-CSharp.csproj", "{39AD3609-A013-F136-B5C4-E84965DACA14}"
EndProject
Project("{FAE04EC0-301F-11D3-BF4B-00C04F79EFBC}") = "Unity.XR.Hands.Samples.VisualizerSample", "Unity.XR.Hands.Samples.VisualizerSample.csproj", "{F8D02A16-4C93-17D4-1AA7-BABB03F0B067}"
EndProject
Global
	GlobalSection(SolutionConfigurationPlatforms) = preSolution
		Debug|Any CPU = Debug|Any CPU
		Release|Any CPU = Release|Any CPU
	EndGlobalSection
	GlobalSection(ProjectConfigurationPlatforms) = postSolution
		{FDC572E5-0ABF-AAED-527B-1152F1110107}.Debug|Any CPU.ActiveCfg = Debug|Any CPU
		{FDC572E5-0ABF-AAED-527B-1152F1110107}.Debug|Any CPU.Build.0 = Debug|Any CPU
		{FDC572E5-0ABF-AAED-527B-1152F1110107}.Release|Any CPU.ActiveCfg = Release|Any CPU
		{FDC572E5-0ABF-AAED-527B-1152F1110107}.Release|Any CPU.Build.0 = Release|Any CPU
		{0625D179-233C-1942-7079-EF6D3386AD3A}.Debug|Any CPU.ActiveCfg = Debug|Any CPU
		{0625D179-233C-1942-7079-EF6D3386AD3A}.Debug|Any CPU.Build.0 = Debug|Any CPU
		{0625D179-233C-1942-7079-EF6D3386AD3A}.Release|Any CPU.ActiveCfg = Release|Any CPU
		{0625D179-233C-1942-7079-EF6D3386AD3A}.Release|Any CPU.Build.0 = Release|Any CPU
		{46B3A770-0D7E-57C6-E8C5-09CB588C19C5}.Debug|Any CPU.ActiveCfg = Debug|Any CPU
		{46B3A770-0D7E-57C6-E8C5-09CB588C19C5}.Debug|Any CPU.Build.0 = Debug|Any CPU
		{46B3A770-0D7E-57C6-E8C5-09CB588C19C5}.Release|Any CPU.ActiveCfg = Release|Any CPU
		{46B3A770-0D7E-57C6-E8C5-09CB588C19C5}.Release|Any CPU.Build.0 = Release|Any CPU
		{6A61A287-4F09-4AA4-3B97-D710395B135B}.Debug|Any CPU.ActiveCfg = Debug|Any CPU
		{6A61A287-4F09-4AA4-3B97-D710395B135B}.Debug|Any CPU.Build.0 = Debug|Any CPU
		{6A61A287-4F09-4AA4-3B97-D710395B135B}.Release|Any CPU.ActiveCfg = Release|Any CPU
		{6A61A287-4F09-4AA4-3B97-D710395B135B}.Release|Any CPU.Build.0 = Release|Any CPU
		{BBCAB6EB-6D73-F6EB-8393-C540125FB21F}.Debug|Any CPU.ActiveCfg = Debug|Any CPU
		{BBCAB6EB-6D73-F6EB-8393-C540125FB21F}.Debug|Any CPU.Build.0 = Debug|Any CPU
		{BBCAB6EB-6D73-F6EB-8393-C540125FB21F}.Release|Any CPU.ActiveCfg = Release|Any CPU
		{BBCAB6EB-6D73-F6EB-8393-C540125FB21F}.Release|Any CPU.Build.0 = Release|Any CPU
		{39AD3609-A013-F136-B5C4-E84965DACA14}.Debug|Any CPU.ActiveCfg = Debug|Any CPU
		{39AD3609-A013-F136-B5C4-E84965DACA14}.Debug|Any CPU.Build.0 = Debug|Any CPU
		{39AD3609-A013-F136-B5C4-E84965DACA14}.Release|Any CPU.ActiveCfg = Release|Any CPU
		{39AD3609-A013-F136-B5C4-E84965DACA14}.Release|Any CPU.Build.0 = Release|Any CPU
		{F8D02A16-4C93-17D4-1AA7-BABB03F0B067}.Debug|Any CPU.ActiveCfg = Debug|Any CPU
		{F8D02A16-4C93-17D4-1AA7-BABB03F0B067}.Debug|Any CPU.Build.0 = Debug|Any CPU
		{F8D02A16-4C93-17D4-1AA7-BABB03F0B067}.Release|Any CPU.ActiveCfg = Release|Any CPU
		{F8D02A16-4C93-17D4-1AA7-BABB03F0B067}.Release|Any CPU.Build.0 = Release|Any CPU
	EndGlobalSection
	GlobalSection(SolutionProperties) = preSolution
		HideSolutionNode = FALSE
	EndGlobalSection
EndGlobal
